
Microsoft Visual Studio Solution File, Format Version 12.00
# Visual Studio Version 16
VisualStudioVersion = 16.0.29503.13
MinimumVisualStudioVersion = 10.0.40219.1
Project("{FAE04EC0-301F-11D3-BF4B-00C04F79EFBC}") = "QLess.UI", "QLess.UI\QLess.UI.csproj", "{94949160-1159-4693-863D-FB1E24427F14}"
EndProject
Project("{FAE04EC0-301F-11D3-BF4B-00C04F79EFBC}") = "QLess.Model", "QLess.Model\QLess.Model.csproj", "{04A32D25-0B5E-45A5-B572-0B3AFB8D6BEF}"
EndProject
Global
	GlobalSection(SolutionConfigurationPlatforms) = preSolution
		Debug|Any CPU = Debug|Any CPU
		Release|Any CPU = Release|Any CPU
	EndGlobalSection
	GlobalSection(ProjectConfigurationPlatforms) = postSolution
		{94949160-1159-4693-863D-FB1E24427F14}.Debug|Any CPU.ActiveCfg = Debug|Any CPU
		{94949160-1159-4693-863D-FB1E24427F14}.Debug|Any CPU.Build.0 = Debug|Any CPU
		{94949160-1159-4693-863D-FB1E24427F14}.Release|Any CPU.ActiveCfg = Release|Any CPU
		{94949160-1159-4693-863D-FB1E24427F14}.Release|Any CPU.Build.0 = Release|Any CPU
		{04A32D25-0B5E-45A5-B572-0B3AFB8D6BEF}.Debug|Any CPU.ActiveCfg = Debug|Any CPU
		{04A32D25-0B5E-45A5-B572-0B3AFB8D6BEF}.Debug|Any CPU.Build.0 = Debug|Any CPU
		{04A32D25-0B5E-45A5-B572-0B3AFB8D6BEF}.Release|Any CPU.ActiveCfg = Release|Any CPU
		{04A32D25-0B5E-45A5-B572-0B3AFB8D6BEF}.Release|Any CPU.Build.0 = Release|Any CPU
	EndGlobalSection
	GlobalSection(SolutionProperties) = preSolution
		HideSolutionNode = FALSE
	EndGlobalSection
	GlobalSection(ExtensibilityGlobals) = postSolution
		SolutionGuid = {8FF18BDF-F98F-435C-A12F-472704B8E02C}
	EndGlobalSection
EndGlobal
